
Microsoft Visual Studio Solution File, Format Version 12.00
# Visual Studio 15
VisualStudioVersion = 15.0.27428.2037
MinimumVisualStudioVersion = 10.0.40219.1
Project("{FAE04EC0-301F-11D3-BF4B-00C04F79EFBC}") = "C-Sharp-Advanced-Topics", "C-Sharp-Advanced-Topics\C-Sharp-Advanced-Topics.csproj", "{3CD7A4F3-F066-4F9E-B8A6-2708B4D1BA37}"
EndProject
Global
	GlobalSection(SolutionConfigurationPlatforms) = preSolution
		Debug|Any CPU = Debug|Any CPU
		Release|Any CPU = Release|Any CPU
	EndGlobalSection
	GlobalSection(ProjectConfigurationPlatforms) = postSolution
		{3CD7A4F3-F066-4F9E-B8A6-2708B4D1BA37}.Debug|Any CPU.ActiveCfg = Debug|Any CPU
		{3CD7A4F3-F066-4F9E-B8A6-2708B4D1BA37}.Debug|Any CPU.Build.0 = Debug|Any CPU
		{3CD7A4F3-F066-4F9E-B8A6-2708B4D1BA37}.Release|Any CPU.ActiveCfg = Release|Any CPU
		{3CD7A4F3-F066-4F9E-B8A6-2708B4D1BA37}.Release|Any CPU.Build.0 = Release|Any CPU
	EndGlobalSection
	GlobalSection(SolutionProperties) = preSolution
		HideSolutionNode = FALSE
	EndGlobalSection
	GlobalSection(ExtensibilityGlobals) = postSolution
		SolutionGuid = {475B1152-523B-44E8-A8C8-E1B6C483A26A}
	EndGlobalSection
EndGlobal
